# THIS IS AN AUTOGENERATED FILE. DO NOT EDIT THIS FILE DIRECTLY.
# yarn lockfile v1


"@adraffy/ens-normalize@^1.11.0":
  version "1.11.1"
  resolved "https://registry.yarnpkg.com/@adraffy/ens-normalize/-/ens-normalize-1.11.1.tgz#6c2d657d4b2dfb37f8ea811dcb3e60843d4ac24a"
  integrity sha512-nhCBV3quEgesuf7c7KYfperqSS14T8bYuvJ8PcLJp6znkZpFc0AuW4qBtr8eKVyPPe/8RSr7sglCWPU5eaxwKQ==

"@bufbuild/protobuf@2.6.3":
  version "2.6.3"
  resolved "https://registry.yarnpkg.com/@bufbuild/protobuf/-/protobuf-2.6.3.tgz#291dcd1cdfae453a16b40e0b50961e2a444f6d3c"
  integrity sha512-w/gJKME9mYN7ZoUAmSMAWXk4hkVpxRKvEJCb3dV5g9wwWdxTJJ0ayOJAVcNxtdqaxDyFuC0uz4RSGVacJ030PQ==

"@bufbuild/protoc-gen-es@2.6.3":
  version "2.6.3"
  resolved "https://registry.yarnpkg.com/@bufbuild/protoc-gen-es/-/protoc-gen-es-2.6.3.tgz#165444a332ada3d7b8794d8076a9e9dbc8b70089"
  integrity sha512-20o4U/Th0yLK/ayQGJ8hwh+fmcI/2PWZFkTS4gv08AtOx31YA05/X/wbn+pLZLJCDP2ik4KTIWuV1j4gERs15A==
  dependencies:
    "@bufbuild/protobuf" "2.6.3"
    "@bufbuild/protoplugin" "2.6.3"

"@bufbuild/protoplugin@2.6.3":
  version "2.6.3"
  resolved "https://registry.yarnpkg.com/@bufbuild/protoplugin/-/protoplugin-2.6.3.tgz#28d853fe615e4ad34d237c93057f08ee897a183a"
  integrity sha512-VceMuxeRukxGeABfo34SXq0VqY1MU+mzS+PBf0HAWo97ylFut8F6sQ3mV0tKiM08UQ/xQco7lxCn83BkoxrWrA==
  dependencies:
    "@bufbuild/protobuf" "2.6.3"
    "@typescript/vfs" "^1.5.2"
    typescript "5.4.5"

"@chainlink/cre-sdk-javy-plugin@1.1.0":
  version "1.1.0"
  resolved "https://registry.yarnpkg.com/@chainlink/cre-sdk-javy-plugin/-/cre-sdk-javy-plugin-1.1.0.tgz#91d2034d449a9baec654553a1e20fe3a851dcb27"
  integrity sha512-LLjBIf17GFGo7SXPtAQjiVRR69nk0mSFgnRJ/9yknYwRkwrv17YJggqKwiH5vstSWHGzrmo1BBDXAB1LGsI+CQ==

"@chainlink/cre-sdk@^1.1.0":
  version "1.1.0"
  resolved "https://registry.yarnpkg.com/@chainlink/cre-sdk/-/cre-sdk-1.1.0.tgz#7ccba0244d4892fb6e4a2ea7142f15766a938d76"
  integrity sha512-l9OAnsvbbBS5hV9UogLDbhHnwfy2f36Xdwd5udICifTsY6dYge3A0qmkn0BTeaBb0BF/f1ncc0kaOr6FNv260Q==
  dependencies:
    "@bufbuild/protobuf" "2.6.3"
    "@bufbuild/protoc-gen-es" "2.6.3"
    "@chainlink/cre-sdk-javy-plugin" "1.1.0"
    "@standard-schema/spec" "1.0.0"
    viem "2.34.0"
    zod "3.25.76"

"@noble/ciphers@^1.3.0":
  version "1.3.0"
  resolved "https://registry.yarnpkg.com/@noble/ciphers/-/ciphers-1.3.0.tgz#f64b8ff886c240e644e5573c097f86e5b43676dc"
  integrity sha512-2I0gnIVPtfnMw9ee9h1dJG7tp81+8Ob3OJb3Mv37rx5L40/b0i7djjCVvGOVqc9AEIQyvyu1i6ypKdFw8R8gQw==

"@noble/curves@1.9.6":
  version "1.9.6"
  resolved "https://registry.yarnpkg.com/@noble/curves/-/curves-1.9.6.tgz#b45ebedca85bb75782f6be7e7f120f0c423c99e0"
  integrity sha512-GIKz/j99FRthB8icyJQA51E8Uk5hXmdyThjgQXRKiv9h0zeRlzSCLIzFw6K1LotZ3XuB7yzlf76qk7uBmTdFqA==
  dependencies:
    "@noble/hashes" "1.8.0"

"@noble/curves@^1.9.1", "@noble/curves@~1.9.0":
  version "1.9.7"
  resolved "https://registry.yarnpkg.com/@noble/curves/-/curves-1.9.7.tgz#79d04b4758a43e4bca2cbdc62e7771352fa6b951"
  integrity sha512-gbKGcRUYIjA3/zCCNaWDciTMFI0dCkvou3TL8Zmy5Nc7sJ47a0jtOeZoTaMxkuqRo9cRhjOdZJXegxYE5FN/xw==
  dependencies:
    "@noble/hashes" "1.8.0"

"@noble/hashes@1.8.0", "@noble/hashes@^1.8.0", "@noble/hashes@~1.8.0":
  version "1.8.0"
  resolved "https://registry.yarnpkg.com/@noble/hashes/-/hashes-1.8.0.tgz#cee43d801fcef9644b11b8194857695acd5f815a"
  integrity sha512-jCs9ldd7NwzpgXDIf6P3+NrHh9/sD6CQdxHyjQI+h/6rDNo88ypBxxz45UDuZHz9r3tNz7N/VInSVoVdtXEI4A==

"@scure/base@~1.2.5":
  version "1.2.6"
  resolved "https://registry.yarnpkg.com/@scure/base/-/base-1.2.6.tgz#ca917184b8231394dd8847509c67a0be522e59f6"
  integrity sha512-g/nm5FgUa//MCj1gV09zTJTaM6KBAHqLN907YVQqf7zC49+DcO4B1so4ZX07Ef10Twr6nuqYEH9GEggFXA4Fmg==

"@scure/bip32@1.7.0", "@scure/bip32@^1.7.0":
  version "1.7.0"
  resolved "https://registry.yarnpkg.com/@scure/bip32/-/bip32-1.7.0.tgz#b8683bab172369f988f1589640e53c4606984219"
  integrity sha512-E4FFX/N3f4B80AKWp5dP6ow+flD1LQZo/w8UnLGYZO674jS6YnYeepycOOksv+vLPSpgN35wgKgy+ybfTb2SMw==
  dependencies:
    "@noble/curves" "~1.9.0"
    "@noble/hashes" "~1.8.0"
    "@scure/base" "~1.2.5"

"@scure/bip39@1.6.0", "@scure/bip39@^1.6.0":
  version "1.6.0"
  resolved "https://registry.yarnpkg.com/@scure/bip39/-/bip39-1.6.0.tgz#475970ace440d7be87a6086cbee77cb8f1a684f9"
  integrity sha512-+lF0BbLiJNwVlev4eKelw1WWLaiKXw7sSl8T6FvBlWkdX+94aGJ4o8XjUdlyhTCjd8c+B3KT3JfS8P0bLRNU6A==
  dependencies:
    "@noble/hashes" "~1.8.0"
    "@scure/base" "~1.2.5"

"@standard-schema/spec@1.0.0":
  version "1.0.0"
  resolved "https://registry.yarnpkg.com/@standard-schema/spec/-/spec-1.0.0.tgz#f193b73dc316c4170f2e82a881da0f550d551b9c"
  integrity sha512-m2bOd0f2RT9k8QJx1JN85cZYyH1RqFBdlwtkSlf4tBDYLCiiZnv1fIIwacK6cqwXavOydf0NPToMQgpKq+dVlA==

"@types/node@^22.0.0":
  version "22.19.11"
  resolved "https://registry.yarnpkg.com/@types/node/-/node-22.19.11.tgz#7e1feaad24e4e36c52fa5558d5864bb4b272603e"
  integrity sha512-BH7YwL6rA93ReqeQS1c4bsPpcfOmJasG+Fkr6Y59q83f9M1WcBRHR2vM+P9eOisYRcN3ujQoiZY8uk5W+1WL8w==
  dependencies:
    undici-types "~6.21.0"

"@typescript/vfs@^1.5.2":
  version "1.6.4"
  resolved "https://registry.yarnpkg.com/@typescript/vfs/-/vfs-1.6.4.tgz#7543a3bd961727eb51c8bdafc3ed5e0fb5f56dff"
  integrity sha512-PJFXFS4ZJKiJ9Qiuix6Dz/OwEIqHD7Dme1UwZhTK11vR+5dqW2ACbdndWQexBzCx+CPuMe5WBYQWCsFyGlQLlQ==
  dependencies:
    debug "^4.4.3"

abitype@1.0.8:
  version "1.0.8"
  resolved "https://registry.yarnpkg.com/abitype/-/abitype-1.0.8.tgz#3554f28b2e9d6e9f35eb59878193eabd1b9f46ba"
  integrity sha512-ZeiI6h3GnW06uYDLx0etQtX/p8E24UaHHBj57RSjK7YBFe7iuVn07EDpOeP451D06sF27VOz9JJPlIKJmXgkEg==

abitype@^1.0.8:
  version "1.2.3"
  resolved "https://registry.yarnpkg.com/abitype/-/abitype-1.2.3.tgz#bec3e09dea97d99ef6c719140bee663a329ad1f4"
  integrity sha512-Ofer5QUnuUdTFsBRwARMoWKOH1ND5ehwYhJ3OJ/BQO+StkwQjHw0XyVh4vDttzHB7QOFhPHa/o413PJ82gU/Tg==

debug@^4.4.3:
  version "4.4.3"
  resolved "https://registry.yarnpkg.com/debug/-/debug-4.4.3.tgz#c6ae432d9bd9662582fce08709b038c58e9e3d6a"
  integrity sha512-RGwwWnwQvkVfavKVt22FGLw+xYSdzARwm0ru6DhTVA3umU5hZc28V3kO4stgYryrTlLpuvgI9GiijltAjNbcqA==
  dependencies:
    ms "^2.1.3"

eventemitter3@5.0.1:
  version "5.0.1"
  resolved "https://registry.yarnpkg.com/eventemitter3/-/eventemitter3-5.0.1.tgz#53f5ffd0a492ac800721bb42c66b841de96423c4"
  integrity sha512-GWkBvjiSZK87ELrYOSESUYeVIc9mvLLf/nXalMOS5dYrgZq9o5OVkbZAVM06CVxYsCwH9BDZFPlQTlPA1j4ahA==

isows@1.0.7:
  version "1.0.7"
  resolved "https://registry.yarnpkg.com/isows/-/isows-1.0.7.tgz#1c06400b7eed216fbba3bcbd68f12490fc342915"
  integrity sha512-I1fSfDCZL5P0v33sVqeTDSpcstAg/N+wF5HS033mogOVIp4B+oHC7oOCsA3axAbBSGTJ8QubbNmnIRN/h8U7hg==

ms@^2.1.3:
  version "2.1.3"
  resolved "https://registry.yarnpkg.com/ms/-/ms-2.1.3.tgz#574c8138ce1d2b5861f0b44579dbadd60c6615b2"
  integrity sha512-6FlzubTLZG3J2a/NVCAleEhjzq5oxgHyaCU9yYXvcLsvoVaHJq/s5xXI6/XXP6tz7R9xAOtHnSO/tXtF3WRTlA==

ox@0.8.7:
  version "0.8.7"
  resolved "https://registry.yarnpkg.com/ox/-/ox-0.8.7.tgz#234812627f931aaf5bd45728a50c9a42a26e76db"
  integrity sha512-W1f0FiMf9NZqtHPEDEAEkyzZDwbIKfmH2qmQx8NNiQ/9JhxrSblmtLJsSfTtQG5YKowLOnBlLVguCyxm/7ztxw==
  dependencies:
    "@adraffy/ens-normalize" "^1.11.0"
    "@noble/ciphers" "^1.3.0"
    "@noble/curves" "^1.9.1"
    "@noble/hashes" "^1.8.0"
    "@scure/bip32" "^1.7.0"
    "@scure/bip39" "^1.6.0"
    abitype "^1.0.8"
    eventemitter3 "5.0.1"

typescript@5.4.5:
  version "5.4.5"
  resolved "https://registry.yarnpkg.com/typescript/-/typescript-5.4.5.tgz#42ccef2c571fdbd0f6718b1d1f5e6e5ef006f611"
  integrity sha512-vcI4UpRgg81oIRUFwR0WSIHKt11nJ7SAVlYNIu+QpqeyXP+gpQJy/Z4+F0aGxSE4MqwjyXvW/TzgkLAx2AGHwQ==

typescript@^5.6.0:
  version "5.9.3"
  resolved "https://registry.yarnpkg.com/typescript/-/typescript-5.9.3.tgz#5b4f59e15310ab17a216f5d6cf53ee476ede670f"
  integrity sha512-jl1vZzPDinLr9eUt3J/t7V6FgNEw9QjvBPdysz9KfQDD41fQrC2Y4vKQdiaUpFT4bXlb1RHhLpp8wtm6M5TgSw==

undici-types@~6.21.0:
  version "6.21.0"
  resolved "https://registry.yarnpkg.com/undici-types/-/undici-types-6.21.0.tgz#691d00af3909be93a7faa13be61b3a5b50ef12cb"
  integrity sha512-iwDZqg0QAGrg9Rav5H4n0M64c3mkR59cJ6wQp+7C4nI0gsmExaedaYLNO44eT4AtBBwjbTiGPMlt2Md0T9H9JQ==

viem@2.34.0:
  version "2.34.0"
  resolved "https://registry.yarnpkg.com/viem/-/viem-2.34.0.tgz#566b15838d3121d03eaa9bdb2b8bf9b86c37d152"
  integrity sha512-HJZG9Wt0DLX042MG0PK17tpataxtdAEhpta9/Q44FqKwy3xZMI5Lx4jF+zZPuXFuYjZ68R0PXqRwlswHs6r4gA==
  dependencies:
    "@noble/curves" "1.9.6"
    "@noble/hashes" "1.8.0"
    "@scure/bip32" "1.7.0"
    "@scure/bip39" "1.6.0"
    abitype "1.0.8"
    isows "1.0.7"
    ox "0.8.7"
    ws "8.18.3"

ws@8.18.3:
  version "8.18.3"
  resolved "https://registry.yarnpkg.com/ws/-/ws-8.18.3.tgz#b56b88abffde62791c639170400c93dcb0c95472"
  integrity sha512-PEIGCY5tSlUt50cqyMXfCzX+oOPqN0vuGqWzbcJ2xvnkzkq46oOpz7dQaTDBdfICb4N14+GARUDw2XV2N4tvzg==

zod@3.25.76:
  version "3.25.76"
  resolved "https://registry.yarnpkg.com/zod/-/zod-3.25.76.tgz#26841c3f6fd22a6a2760e7ccb719179768471e34"
  integrity sha512-gzUt/qt81nXsFGKIFcC3YnfEAx5NkunCfnDlvuBSSFS02bcXu4Lmea0AFIUwbLWxWPx3d9p8S5QoaujKcNQxcQ==
